// !$*UTF8*$!
{
	archiveVersion = 1;
	classes = {
	};
	objectVersion = 77;
	objects = {

/* Begin PBXBuildFile section */
		C46ED2C32D30DD7100EC0E47 /* Differentiator in Frameworks */ = {isa = PBXBuildFile; productRef = C46ED2C22D30DD7100EC0E47 /* Differentiator */; };
		C46ED2CB2D30DE8900EC0E47 /* Home in Frameworks */ = {isa = PBXBuildFile; productRef = C46ED2CA2D30DE8900EC0E47 /* Home */; };
		C46ED2E62D30ED3700EC0E47 /* Extension in Frameworks */ = {isa = PBXBuildFile; productRef = C46ED2E52D30ED3700EC0E47 /* Extension */; };
		C4814FF52D2CFA2F00D602B8 /* Alamofire in Frameworks */ = {isa = PBXBuildFile; productRef = C4814FF42D2CFA2F00D602B8 /* Alamofire */; };
		C4814FF82D2CFC7600D602B8 /* RealmSwift in Frameworks */ = {isa = PBXBuildFile; productRef = C4814FF72D2CFC7600D602B8 /* RealmSwift */; };
		C4814FFB2D2CFD3000D602B8 /* Kingfisher in Frameworks */ = {isa = PBXBuildFile; productRef = C4814FFA2D2CFD3000D602B8 /* Kingfisher */; };
		C4814FFE2D2CFD4000D602B8 /* SnapKit in Frameworks */ = {isa = PBXBuildFile; productRef = C4814FFD2D2CFD4000D602B8 /* SnapKit */; };
		C48150012D2CFF4400D602B8 /* RxCocoa in Frameworks */ = {isa = PBXBuildFile; productRef = C48150002D2CFF4400D602B8 /* RxCocoa */; };
		C48150032D2CFF4400D602B8 /* RxSwift in Frameworks */ = {isa = PBXBuildFile; productRef = C48150022D2CFF4400D602B8 /* RxSwift */; };
		C48150062D2CFF6A00D602B8 /* RxDataSources in Frameworks */ = {isa = PBXBuildFile; productRef = C48150052D2CFF6A00D602B8 /* RxDataSources */; };
/* End PBXBuildFile section */

/* Begin PBXContainerItemProxy section */
		C4D444232D2C0B4600CBC50E /* PBXContainerItemProxy */ = {
			isa = PBXContainerItemProxy;
			containerPortal = C4D444042D2C0B4500CBC50E /* Project object */;
			proxyType = 1;
			remoteGlobalIDString = C4D4440B2D2C0B4500CBC50E;
			remoteInfo = BOTD;
		};
		C4D4442D2D2C0B4600CBC50E /* PBXContainerItemProxy */ = {
			isa = PBXContainerItemProxy;
			containerPortal = C4D444042D2C0B4500CBC50E /* Project object */;
			proxyType = 1;
			remoteGlobalIDString = C4D4440B2D2C0B4500CBC50E;
			remoteInfo = BOTD;
		};
/* End PBXContainerItemProxy section */

/* Begin PBXFileReference section */
		C46ED2C62D30DE5D00EC0E47 /* Home */ = {isa = PBXFileReference; lastKnownFileType = wrapper; path = Home; sourceTree = "<group>"; };
		C46ED2E32D30EC4B00EC0E47 /* Extension */ = {isa = PBXFileReference; lastKnownFileType = wrapper; path = Extension; sourceTree = "<group>"; };
		C4D4440C2D2C0B4500CBC50E /* BOTD.app */ = {isa = PBXFileReference; explicitFileType = wrapper.application; includeInIndex = 0; path = BOTD.app; sourceTree = BUILT_PRODUCTS_DIR; };
		C4D444222D2C0B4600CBC50E /* BOTDTests.xctest */ = {isa = PBXFileReference; explicitFileType = wrapper.cfbundle; includeInIndex = 0; path = BOTDTests.xctest; sourceTree = BUILT_PRODUCTS_DIR; };
		C4D4442C2D2C0B4600CBC50E /* BOTDUITests.xctest */ = {isa = PBXFileReference; explicitFileType = wrapper.cfbundle; includeInIndex = 0; path = BOTDUITests.xctest; sourceTree = BUILT_PRODUCTS_DIR; };
/* End PBXFileReference section */

/* Begin PBXFileSystemSynchronizedBuildFileExceptionSet section */
		C4D444342D2C0B4600CBC50E /* Exceptions for "BOTD" folder in "BOTD" target */ = {
			isa = PBXFileSystemSynchronizedBuildFileExceptionSet;
			membershipExceptions = (
				Info.plist,
			);
			target = C4D4440B2D2C0B4500CBC50E /* BOTD */;
		};
/* End PBXFileSystemSynchronizedBuildFileExceptionSet section */

/* Begin PBXFileSystemSynchronizedRootGroup section */
		C4D4440E2D2C0B4500CBC50E /* BOTD */ = {
			isa = PBXFileSystemSynchronizedRootGroup;
			exceptions = (
				C4D444342D2C0B4600CBC50E /* Exceptions for "BOTD" folder in "BOTD" target */,
			);
			path = BOTD;
			sourceTree = "<group>";
		};
		C4D444252D2C0B4600CBC50E /* BOTDTests */ = {
			isa = PBXFileSystemSynchronizedRootGroup;
			path = BOTDTests;
			sourceTree = "<group>";
		};
		C4D4442F2D2C0B4600CBC50E /* BOTDUITests */ = {
			isa = PBXFileSystemSynchronizedRootGroup;
			path = BOTDUITests;
			sourceTree = "<group>";
		};
/* End PBXFileSystemSynchronizedRootGroup section */

/* Begin PBXFrameworksBuildPhase section */
		C4D444092D2C0B4500CBC50E /* Frameworks */ = {
			isa = PBXFrameworksBuildPhase;
			buildActionMask = 2147483647;
			files = (
				C48150032D2CFF4400D602B8 /* RxSwift in Frameworks */,
				C4814FFB2D2CFD3000D602B8 /* Kingfisher in Frameworks */,
				C4814FFE2D2CFD4000D602B8 /* SnapKit in Frameworks */,
				C48150012D2CFF4400D602B8 /* RxCocoa in Frameworks */,
				C46ED2E62D30ED3700EC0E47 /* Extension in Frameworks */,
				C46ED2C32D30DD7100EC0E47 /* Differentiator in Frameworks */,
				C48150062D2CFF6A00D602B8 /* RxDataSources in Frameworks */,
				C4814FF82D2CFC7600D602B8 /* RealmSwift in Frameworks */,
				C4814FF52D2CFA2F00D602B8 /* Alamofire in Frameworks */,
				C46ED2CB2D30DE8900EC0E47 /* Home in Frameworks */,
			);
			runOnlyForDeploymentPostprocessing = 0;
		};
		C4D4441F2D2C0B4600CBC50E /* Frameworks */ = {
			isa = PBXFrameworksBuildPhase;
			buildActionMask = 2147483647;
			files = (
			);
			runOnlyForDeploymentPostprocessing = 0;
		};
		C4D444292D2C0B4600CBC50E /* Frameworks */ = {
			isa = PBXFrameworksBuildPhase;
			buildActionMask = 2147483647;
			files = (
			);
			runOnlyForDeploymentPostprocessing = 0;
		};
/* End PBXFrameworksBuildPhase section */

/* Begin PBXGroup section */
		C46ED2C72D30DE5D00EC0E47 /* Feature */ = {
			isa = PBXGroup;
			children = (
				C46ED2C62D30DE5D00EC0E47 /* Home */,
			);
			path = Feature;
			sourceTree = "<group>";
		};
		C46ED2C82D30DE5D00EC0E47 /* Packages */ = {
			isa = PBXGroup;
			children = (
				C46ED2E42D30EC4B00EC0E47 /* Core */,
				C46ED2C72D30DE5D00EC0E47 /* Feature */,
			);
			path = Packages;
			sourceTree = "<group>";
		};
		C46ED2C92D30DE8900EC0E47 /* Frameworks */ = {
			isa = PBXGroup;
			children = (
			);
			name = Frameworks;
			sourceTree = "<group>";
		};
		C46ED2E42D30EC4B00EC0E47 /* Core */ = {
			isa = PBXGroup;
			children = (
				C46ED2E32D30EC4B00EC0E47 /* Extension */,
			);
			path = Core;
			sourceTree = "<group>";
		};
		C4D444032D2C0B4500CBC50E = {
			isa = PBXGroup;
			children = (
				C4D4440E2D2C0B4500CBC50E /* BOTD */,
				C46ED2C82D30DE5D00EC0E47 /* Packages */,
				C4D444252D2C0B4600CBC50E /* BOTDTests */,
				C4D4442F2D2C0B4600CBC50E /* BOTDUITests */,
				C46ED2C92D30DE8900EC0E47 /* Frameworks */,
				C4D4440D2D2C0B4500CBC50E /* Products */,
			);
			sourceTree = "<group>";
		};
		C4D4440D2D2C0B4500CBC50E /* Products */ = {
			isa = PBXGroup;
			children = (
				C4D4440C2D2C0B4500CBC50E /* BOTD.app */,
				C4D444222D2C0B4600CBC50E /* BOTDTests.xctest */,
				C4D4442C2D2C0B4600CBC50E /* BOTDUITests.xctest */,
			);
			name = Products;
			sourceTree = "<group>";
		};
/* End PBXGroup section */

/* Begin PBXNativeTarget section */
		C4D4440B2D2C0B4500CBC50E /* BOTD */ = {
			isa = PBXNativeTarget;
			buildConfigurationList = C4D444352D2C0B4600CBC50E /* Build configuration list for PBXNativeTarget "BOTD" */;
			buildPhases = (
				C4D444082D2C0B4500CBC50E /* Sources */,
				C4D444092D2C0B4500CBC50E /* Frameworks */,
				C4D4440A2D2C0B4500CBC50E /* Resources */,
			);
			buildRules = (
			);
			dependencies = (
			);
			fileSystemSynchronizedGroups = (
				C4D4440E2D2C0B4500CBC50E /* BOTD */,
			);
			name = BOTD;
			packageProductDependencies = (
				C4814FF42D2CFA2F00D602B8 /* Alamofire */,
				C4814FF72D2CFC7600D602B8 /* RealmSwift */,
				C4814FFA2D2CFD3000D602B8 /* Kingfisher */,
				C4814FFD2D2CFD4000D602B8 /* SnapKit */,
				C48150002D2CFF4400D602B8 /* RxCocoa */,
				C48150022D2CFF4400D602B8 /* RxSwift */,
				C48150052D2CFF6A00D602B8 /* RxDataSources */,
				C46ED2C22D30DD7100EC0E47 /* Differentiator */,
				C46ED2CA2D30DE8900EC0E47 /* Home */,
				C46ED2E52D30ED3700EC0E47 /* Extension */,
			);
			productName = BOTD;
			productReference = C4D4440C2D2C0B4500CBC50E /* BOTD.app */;
			productType = "com.apple.product-type.application";
		};
		C4D444212D2C0B4600CBC50E /* BOTDTests */ = {
			isa = PBXNativeTarget;
			buildConfigurationList = C4D4443A2D2C0B4600CBC50E /* Build configuration list for PBXNativeTarget "BOTDTests" */;
			buildPhases = (
				C4D4441E2D2C0B4600CBC50E /* Sources */,
				C4D4441F2D2C0B4600CBC50E /* Frameworks */,
				C4D444202D2C0B4600CBC50E /* Resources */,
			);
			buildRules = (
			);
			dependencies = (
				C4D444242D2C0B4600CBC50E /* PBXTargetDependency */,
			);
			fileSystemSynchronizedGroups = (
				C4D444252D2C0B4600CBC50E /* BOTDTests */,
			);
			name = BOTDTests;
			packageProductDependencies = (
			);
			productName = BOTDTests;
			productReference = C4D444222D2C0B4600CBC50E /* BOTDTests.xctest */;
			productType = "com.apple.product-type.bundle.unit-test";
		};
		C4D4442B2D2C0B4600CBC50E /* BOTDUITests */ = {
			isa = PBXNativeTarget;
			buildConfigurationList = C4D4443D2D2C0B4600CBC50E /* Build configuration list for PBXNativeTarget "BOTDUITests" */;
			buildPhases = (
				C4D444282D2C0B4600CBC50E /* Sources */,
				C4D444292D2C0B4600CBC50E /* Frameworks */,
				C4D4442A2D2C0B4600CBC50E /* Resources */,
			);
			buildRules = (
			);
			dependencies = (
				C4D4442E2D2C0B4600CBC50E /* PBXTargetDependency */,
			);
			fileSystemSynchronizedGroups = (
				C4D4442F2D2C0B4600CBC50E /* BOTDUITests */,
			);
			name = BOTDUITests;
			packageProductDependencies = (
			);
			productName = BOTDUITests;
			productReference = C4D4442C2D2C0B4600CBC50E /* BOTDUITests.xctest */;
			productType = "com.apple.product-type.bundle.ui-testing";
		};
/* End PBXNativeTarget section */

/* Begin PBXProject section */
		C4D444042D2C0B4500CBC50E /* Project object */ = {
			isa = PBXProject;
			attributes = {
				BuildIndependentTargetsInParallel = 1;
				LastSwiftUpdateCheck = 1620;
				LastUpgradeCheck = 1620;
				TargetAttributes = {
					C4D4440B2D2C0B4500CBC50E = {
						CreatedOnToolsVersion = 16.2;
					};
					C4D444212D2C0B4600CBC50E = {
						CreatedOnToolsVersion = 16.2;
						TestTargetID = C4D4440B2D2C0B4500CBC50E;
					};
					C4D4442B2D2C0B4600CBC50E = {
						CreatedOnToolsVersion = 16.2;
						TestTargetID = C4D4440B2D2C0B4500CBC50E;
					};
				};
			};
			buildConfigurationList = C4D444072D2C0B4500CBC50E /* Build configuration list for PBXProject "BOTD" */;
			developmentRegion = en;
			hasScannedForEncodings = 0;
			knownRegions = (
				en,
				Base,
			);
			mainGroup = C4D444032D2C0B4500CBC50E;
			minimizedProjectReferenceProxies = 1;
			packageReferences = (
				C4814FF32D2CFA2F00D602B8 /* XCRemoteSwiftPackageReference "Alamofire" */,
				C4814FF62D2CFC7600D602B8 /* XCRemoteSwiftPackageReference "realm-swift" */,
				C4814FF92D2CFD3000D602B8 /* XCRemoteSwiftPackageReference "Kingfisher" */,
				C4814FFC2D2CFD4000D602B8 /* XCRemoteSwiftPackageReference "SnapKit" */,
				C4814FFF2D2CFF4400D602B8 /* XCRemoteSwiftPackageReference "RxSwift" */,
				C48150042D2CFF6A00D602B8 /* XCRemoteSwiftPackageReference "RxDataSources" */,
			);
			preferredProjectObjectVersion = 77;
			productRefGroup = C4D4440D2D2C0B4500CBC50E /* Products */;
			projectDirPath = "";
			projectRoot = "";
			targets = (
				C4D4440B2D2C0B4500CBC50E /* BOTD */,
				C4D444212D2C0B4600CBC50E /* BOTDTests */,
				C4D4442B2D2C0B4600CBC50E /* BOTDUITests */,
			);
		};
/* End PBXProject section */

/* Begin PBXResourcesBuildPhase section */
		C4D4440A2D2C0B4500CBC50E /* Resources */ = {
			isa = PBXResourcesBuildPhase;
			buildActionMask = 2147483647;
			files = (
			);
			runOnlyForDeploymentPostprocessing = 0;
		};
		C4D444202D2C0B4600CBC50E /* Resources */ = {
			isa = PBXResourcesBuildPhase;
			buildActionMask = 2147483647;
			files = (
			);
			runOnlyForDeploymentPostprocessing = 0;
		};
		C4D4442A2D2C0B4600CBC50E /* Resources */ = {
			isa = PBXResourcesBuildPhase;
			buildActionMask = 2147483647;
			files = (
			);
			runOnlyForDeploymentPostprocessing = 0;
		};
/* End PBXResourcesBuildPhase section */

/* Begin PBXSourcesBuildPhase section */
		C4D444082D2C0B4500CBC50E /* Sources */ = {
			isa = PBXSourcesBuildPhase;
			buildActionMask = 2147483647;
			files = (
			);
			runOnlyForDeploymentPostprocessing = 0;
		};
		C4D4441E2D2C0B4600CBC50E /* Sources */ = {
			isa = PBXSourcesBuildPhase;
			buildActionMask = 2147483647;
			files = (
			);
			runOnlyForDeploymentPostprocessing = 0;
		};
		C4D444282D2C0B4600CBC50E /* Sources */ = {
			isa = PBXSourcesBuildPhase;
			buildActionMask = 2147483647;
			files = (
			);
			runOnlyForDeploymentPostprocessing = 0;
		};
/* End PBXSourcesBuildPhase section */

/* Begin PBXTargetDependency section */
		C4D444242D2C0B4600CBC50E /* PBXTargetDependency */ = {
			isa = PBXTargetDependency;
			target = C4D4440B2D2C0B4500CBC50E /* BOTD */;
			targetProxy = C4D444232D2C0B4600CBC50E /* PBXContainerItemProxy */;
		};
		C4D4442E2D2C0B4600CBC50E /* PBXTargetDependency */ = {
			isa = PBXTargetDependency;
			target = C4D4440B2D2C0B4500CBC50E /* BOTD */;
			targetProxy = C4D4442D2D2C0B4600CBC50E /* PBXContainerItemProxy */;
		};
/* End PBXTargetDependency section */

/* Begin XCBuildConfiguration section */
		C4D444362D2C0B4600CBC50E /* Debug */ = {
			isa = XCBuildConfiguration;
			buildSettings = {
				ASSETCATALOG_COMPILER_APPICON_NAME = AppIcon;
				ASSETCATALOG_COMPILER_GLOBAL_ACCENT_COLOR_NAME = AccentColor;
				CODE_SIGN_STYLE = Automatic;
				CURRENT_PROJECT_VERSION = 1;
				GENERATE_INFOPLIST_FILE = YES;
				INFOPLIST_FILE = BOTD/Info.plist;
				INFOPLIST_KEY_UIApplicationSupportsIndirectInputEvents = YES;
				INFOPLIST_KEY_UILaunchStoryboardName = LaunchScreen;
				INFOPLIST_KEY_UISupportedInterfaceOrientations_iPad = "UIInterfaceOrientationPortrait UIInterfaceOrientationPortraitUpsideDown UIInterfaceOrientationLandscapeLeft UIInterfaceOrientationLandscapeRight";
				INFOPLIST_KEY_UISupportedInterfaceOrientations_iPhone = "UIInterfaceOrientationPortrait UIInterfaceOrientationLandscapeLeft UIInterfaceOrientationLandscapeRight";
				LD_RUNPATH_SEARCH_PATHS = (
					"$(inherited)",
					"@executable_path/Frameworks",
				);
				MARKETING_VERSION = 1.0;
				PRODUCT_BUNDLE_IDENTIFIER = com.dani.BOTD;
				PRODUCT_NAME = "$(TARGET_NAME)";
				SWIFT_EMIT_LOC_STRINGS = YES;
				SWIFT_VERSION = 5.0;
				TARGETED_DEVICE_FAMILY = "1,2";
			};
			name = Debug;
		};
		C4D444372D2C0B4600CBC50E /* Release */ = {
			isa = XCBuildConfiguration;
			buildSettings = {
				ASSETCATALOG_COMPILER_APPICON_NAME = AppIcon;
				ASSETCATALOG_COMPILER_GLOBAL_ACCENT_COLOR_NAME = AccentColor;
				CODE_SIGN_STYLE = Automatic;
				CURRENT_PROJECT_VERSION = 1;
				GENERATE_INFOPLIST_FILE = YES;
				INFOPLIST_FILE = BOTD/Info.plist;
				INFOPLIST_KEY_UIApplicationSupportsIndirectInputEvents = YES;
				INFOPLIST_KEY_UILaunchStoryboardName = LaunchScreen;
				INFOPLIST_KEY_UISupportedInterfaceOrientations_iPad = "UIInterfaceOrientationPortrait UIInterfaceOrientationPortraitUpsideDown UIInterfaceOrientationLandscapeLeft UIInterfaceOrientationLandscapeRight";
				INFOPLIST_KEY_UISupportedInterfaceOrientations_iPhone = "UIInterfaceOrientationPortrait UIInterfaceOrientationLandscapeLeft UIInterfaceOrientationLandscapeRight";
				LD_RUNPATH_SEARCH_PATHS = (
					"$(inherited)",
					"@executable_path/Frameworks",
				);
				MARKETING_VERSION = 1.0;
				PRODUCT_BUNDLE_IDENTIFIER = com.dani.BOTD;
				PRODUCT_NAME = "$(TARGET_NAME)";
				SWIFT_EMIT_LOC_STRINGS = YES;
				SWIFT_VERSION = 5.0;
				TARGETED_DEVICE_FAMILY = "1,2";
			};
			name = Release;
		};
		C4D444382D2C0B4600CBC50E /* Debug */ = {
			isa = XCBuildConfiguration;
			buildSettings = {
				ALWAYS_SEARCH_USER_PATHS = NO;
				ASSETCATALOG_COMPILER_GENERATE_SWIFT_ASSET_SYMBOL_EXTENSIONS = YES;
				CLANG_ANALYZER_NONNULL = YES;
				CLANG_ANALYZER_NUMBER_OBJECT_CONVERSION = YES_AGGRESSIVE;
				CLANG_CXX_LANGUAGE_STANDARD = "gnu++20";
				CLANG_ENABLE_MODULES = YES;
				CLANG_ENABLE_OBJC_ARC = YES;
				CLANG_ENABLE_OBJC_WEAK = YES;
				CLANG_WARN_BLOCK_CAPTURE_AUTORELEASING = YES;
				CLANG_WARN_BOOL_CONVERSION = YES;
				CLANG_WARN_COMMA = YES;
				CLANG_WARN_CONSTANT_CONVERSION = YES;
				CLANG_WARN_DEPRECATED_OBJC_IMPLEMENTATIONS = YES;
				CLANG_WARN_DIRECT_OBJC_ISA_USAGE = YES_ERROR;
				CLANG_WARN_DOCUMENTATION_COMMENTS = YES;
				CLANG_WARN_EMPTY_BODY = YES;
				CLANG_WARN_ENUM_CONVERSION = YES;
				CLANG_WARN_INFINITE_RECURSION = YES;
				CLANG_WARN_INT_CONVERSION = YES;
				CLANG_WARN_NON_LITERAL_NULL_CONVERSION = YES;
				CLANG_WARN_OBJC_IMPLICIT_RETAIN_SELF = YES;
				CLANG_WARN_OBJC_LITERAL_CONVERSION = YES;
				CLANG_WARN_OBJC_ROOT_CLASS = YES_ERROR;
				CLANG_WARN_QUOTED_INCLUDE_IN_FRAMEWORK_HEADER = YES;
				CLANG_WARN_RANGE_LOOP_ANALYSIS = YES;
				CLANG_WARN_STRICT_PROTOTYPES = YES;
				CLANG_WARN_SUSPICIOUS_MOVE = YES;
				CLANG_WARN_UNGUARDED_AVAILABILITY = YES_AGGRESSIVE;
				CLANG_WARN_UNREACHABLE_CODE = YES;
				CLANG_WARN__DUPLICATE_METHOD_MATCH = YES;
				COPY_PHASE_STRIP = NO;
				DEBUG_INFORMATION_FORMAT = dwarf;
				ENABLE_STRICT_OBJC_MSGSEND = YES;
				ENABLE_TESTABILITY = YES;
				ENABLE_USER_SCRIPT_SANDBOXING = YES;
				GCC_C_LANGUAGE_STANDARD = gnu17;
				GCC_DYNAMIC_NO_PIC = NO;
				GCC_NO_COMMON_BLOCKS = YES;
				GCC_OPTIMIZATION_LEVEL = 0;
				GCC_PREPROCESSOR_DEFINITIONS = (
					"DEBUG=1",
					"$(inherited)",
				);
				GCC_WARN_64_TO_32_BIT_CONVERSION = YES;
				GCC_WARN_ABOUT_RETURN_TYPE = YES_ERROR;
				GCC_WARN_UNDECLARED_SELECTOR = YES;
				GCC_WARN_UNINITIALIZED_AUTOS = YES_AGGRESSIVE;
				GCC_WARN_UNUSED_FUNCTION = YES;
				GCC_WARN_UNUSED_VARIABLE = YES;
				IPHONEOS_DEPLOYMENT_TARGET = 18.2;
				LOCALIZATION_PREFERS_STRING_CATALOGS = YES;
				MTL_ENABLE_DEBUG_INFO = INCLUDE_SOURCE;
				MTL_FAST_MATH = YES;
				ONLY_ACTIVE_ARCH = YES;
				SDKROOT = iphoneos;
				SWIFT_ACTIVE_COMPILATION_CONDITIONS = "DEBUG $(inherited)";
				SWIFT_OPTIMIZATION_LEVEL = "-Onone";
			};
			name = Debug;
		};
		C4D444392D2C0B4600CBC50E /* Release */ = {
			isa = XCBuildConfiguration;
			buildSettings = {
				ALWAYS_SEARCH_USER_PATHS = NO;
				ASSETCATALOG_COMPILER_GENERATE_SWIFT_ASSET_SYMBOL_EXTENSIONS = YES;
				CLANG_ANALYZER_NONNULL = YES;
				CLANG_ANALYZER_NUMBER_OBJECT_CONVERSION = YES_AGGRESSIVE;
				CLANG_CXX_LANGUAGE_STANDARD = "gnu++20";
				CLANG_ENABLE_MODULES = YES;
				CLANG_ENABLE_OBJC_ARC = YES;
				CLANG_ENABLE_OBJC_WEAK = YES;
				CLANG_WARN_BLOCK_CAPTURE_AUTORELEASING = YES;
				CLANG_WARN_BOOL_CONVERSION = YES;
				CLANG_WARN_COMMA = YES;
				CLANG_WARN_CONSTANT_CONVERSION = YES;
				CLANG_WARN_DEPRECATED_OBJC_IMPLEMENTATIONS = YES;
				CLANG_WARN_DIRECT_OBJC_ISA_USAGE = YES_ERROR;
				CLANG_WARN_DOCUMENTATION_COMMENTS = YES;
				CLANG_WARN_EMPTY_BODY = YES;
				CLANG_WARN_ENUM_CONVERSION = YES;
				CLANG_WARN_INFINITE_RECURSION = YES;
				CLANG_WARN_INT_CONVERSION = YES;
				CLANG_WARN_NON_LITERAL_NULL_CONVERSION = YES;
				CLANG_WARN_OBJC_IMPLICIT_RETAIN_SELF = YES;
				CLANG_WARN_OBJC_LITERAL_CONVERSION = YES;
				CLANG_WARN_OBJC_ROOT_CLASS = YES_ERROR;
				CLANG_WARN_QUOTED_INCLUDE_IN_FRAMEWORK_HEADER = YES;
				CLANG_WARN_RANGE_LOOP_ANALYSIS = YES;
				CLANG_WARN_STRICT_PROTOTYPES = YES;
				CLANG_WARN_SUSPICIOUS_MOVE = YES;
				CLANG_WARN_UNGUARDED_AVAILABILITY = YES_AGGRESSIVE;
				CLANG_WARN_UNREACHABLE_CODE = YES;
				CLANG_WARN__DUPLICATE_METHOD_MATCH = YES;
				COPY_PHASE_STRIP = NO;
				DEBUG_INFORMATION_FORMAT = "dwarf-with-dsym";
				ENABLE_NS_ASSERTIONS = NO;
				ENABLE_STRICT_OBJC_MSGSEND = YES;
				ENABLE_USER_SCRIPT_SANDBOXING = YES;
				GCC_C_LANGUAGE_STANDARD = gnu17;
				GCC_NO_COMMON_BLOCKS = YES;
				GCC_WARN_64_TO_32_BIT_CONVERSION = YES;
				GCC_WARN_ABOUT_RETURN_TYPE = YES_ERROR;
				GCC_WARN_UNDECLARED_SELECTOR = YES;
				GCC_WARN_UNINITIALIZED_AUTOS = YES_AGGRESSIVE;
				GCC_WARN_UNUSED_FUNCTION = YES;
				GCC_WARN_UNUSED_VARIABLE = YES;
				IPHONEOS_DEPLOYMENT_TARGET = 18.2;
				LOCALIZATION_PREFERS_STRING_CATALOGS = YES;
				MTL_ENABLE_DEBUG_INFO = NO;
				MTL_FAST_MATH = YES;
				SDKROOT = iphoneos;
				SWIFT_COMPILATION_MODE = wholemodule;
				VALIDATE_PRODUCT = YES;
			};
			name = Release;
		};
		C4D4443B2D2C0B4600CBC50E /* Debug */ = {
			isa = XCBuildConfiguration;
			buildSettings = {
				BUNDLE_LOADER = "$(TEST_HOST)";
				CODE_SIGN_STYLE = Automatic;
				CURRENT_PROJECT_VERSION = 1;
				GENERATE_INFOPLIST_FILE = YES;
				IPHONEOS_DEPLOYMENT_TARGET = 18.2;
				MARKETING_VERSION = 1.0;
				PRODUCT_BUNDLE_IDENTIFIER = com.dani.BOTDTests;
				PRODUCT_NAME = "$(TARGET_NAME)";
				SWIFT_EMIT_LOC_STRINGS = NO;
				SWIFT_VERSION = 5.0;
				TARGETED_DEVICE_FAMILY = "1,2";
				TEST_HOST = "$(BUILT_PRODUCTS_DIR)/BOTD.app/$(BUNDLE_EXECUTABLE_FOLDER_PATH)/BOTD";
			};
			name = Debug;
		};
		C4D4443C2D2C0B4600CBC50E /* Release */ = {
			isa = XCBuildConfiguration;
			buildSettings = {
				BUNDLE_LOADER = "$(TEST_HOST)";
				CODE_SIGN_STYLE = Automatic;
				CURRENT_PROJECT_VERSION = 1;
				GENERATE_INFOPLIST_FILE = YES;
				IPHONEOS_DEPLOYMENT_TARGET = 18.2;
				MARKETING_VERSION = 1.0;
				PRODUCT_BUNDLE_IDENTIFIER = com.dani.BOTDTests;
				PRODUCT_NAME = "$(TARGET_NAME)";
				SWIFT_EMIT_LOC_STRINGS = NO;
				SWIFT_VERSION = 5.0;
				TARGETED_DEVICE_FAMILY = "1,2";
				TEST_HOST = "$(BUILT_PRODUCTS_DIR)/BOTD.app/$(BUNDLE_EXECUTABLE_FOLDER_PATH)/BOTD";
			};
			name = Release;
		};
		C4D4443E2D2C0B4600CBC50E /* Debug */ = {
			isa = XCBuildConfiguration;
			buildSettings = {
				CODE_SIGN_STYLE = Automatic;
				CURRENT_PROJECT_VERSION = 1;
				GENERATE_INFOPLIST_FILE = YES;
				MARKETING_VERSION = 1.0;
				PRODUCT_BUNDLE_IDENTIFIER = com.dani.BOTDUITests;
				PRODUCT_NAME = "$(TARGET_NAME)";
				SWIFT_EMIT_LOC_STRINGS = NO;
				SWIFT_VERSION = 5.0;
				TARGETED_DEVICE_FAMILY = "1,2";
				TEST_TARGET_NAME = BOTD;
			};
			name = Debug;
		};
		C4D4443F2D2C0B4600CBC50E /* Release */ = {
			isa = XCBuildConfiguration;
			buildSettings = {
				CODE_SIGN_STYLE = Automatic;
				CURRENT_PROJECT_VERSION = 1;
				GENERATE_INFOPLIST_FILE = YES;
				MARKETING_VERSION = 1.0;
				PRODUCT_BUNDLE_IDENTIFIER = com.dani.BOTDUITests;
				PRODUCT_NAME = "$(TARGET_NAME)";
				SWIFT_EMIT_LOC_STRINGS = NO;
				SWIFT_VERSION = 5.0;
				TARGETED_DEVICE_FAMILY = "1,2";
				TEST_TARGET_NAME = BOTD;
			};
			name = Release;
		};
/* End XCBuildConfiguration section */

/* Begin XCConfigurationList section */
		C4D444072D2C0B4500CBC50E /* Build configuration list for PBXProject "BOTD" */ = {
			isa = XCConfigurationList;
			buildConfigurations = (
				C4D444382D2C0B4600CBC50E /* Debug */,
				C4D444392D2C0B4600CBC50E /* Release */,
			);
			defaultConfigurationIsVisible = 0;
			defaultConfigurationName = Release;
		};
		C4D444352D2C0B4600CBC50E /* Build configuration list for PBXNativeTarget "BOTD" */ = {
			isa = XCConfigurationList;
			buildConfigurations = (
				C4D444362D2C0B4600CBC50E /* Debug */,
				C4D444372D2C0B4600CBC50E /* Release */,
			);
			defaultConfigurationIsVisible = 0;
			defaultConfigurationName = Release;
		};
		C4D4443A2D2C0B4600CBC50E /* Build configuration list for PBXNativeTarget "BOTDTests" */ = {
			isa = XCConfigurationList;
			buildConfigurations = (
				C4D4443B2D2C0B4600CBC50E /* Debug */,
				C4D4443C2D2C0B4600CBC50E /* Release */,
			);
			defaultConfigurationIsVisible = 0;
			defaultConfigurationName = Release;
		};
		C4D4443D2D2C0B4600CBC50E /* Build configuration list for PBXNativeTarget "BOTDUITests" */ = {
			isa = XCConfigurationList;
			buildConfigurations = (
				C4D4443E2D2C0B4600CBC50E /* Debug */,
				C4D4443F2D2C0B4600CBC50E /* Release */,
			);
			defaultConfigurationIsVisible = 0;
			defaultConfigurationName = Release;
		};
/* End XCConfigurationList section */

/* Begin XCRemoteSwiftPackageReference section */
		C4814FF32D2CFA2F00D602B8 /* XCRemoteSwiftPackageReference "Alamofire" */ = {
			isa = XCRemoteSwiftPackageReference;
			repositoryURL = "https://github.com/Alamofire/Alamofire.git";
			requirement = {
				kind = upToNextMajorVersion;
				minimumVersion = 5.10.2;
			};
		};
		C4814FF62D2CFC7600D602B8 /* XCRemoteSwiftPackageReference "realm-swift" */ = {
			isa = XCRemoteSwiftPackageReference;
			repositoryURL = "https://github.com/realm/realm-swift.git";
			requirement = {
				branch = master;
				kind = branch;
			};
		};
		C4814FF92D2CFD3000D602B8 /* XCRemoteSwiftPackageReference "Kingfisher" */ = {
			isa = XCRemoteSwiftPackageReference;
			repositoryURL = "https://github.com/onevcat/Kingfisher.git";
			requirement = {
				kind = upToNextMajorVersion;
				minimumVersion = 8.1.3;
			};
		};
		C4814FFC2D2CFD4000D602B8 /* XCRemoteSwiftPackageReference "SnapKit" */ = {
			isa = XCRemoteSwiftPackageReference;
			repositoryURL = "https://github.com/SnapKit/SnapKit.git";
			requirement = {
				kind = upToNextMajorVersion;
				minimumVersion = 5.7.1;
			};
		};
		C4814FFF2D2CFF4400D602B8 /* XCRemoteSwiftPackageReference "RxSwift" */ = {
			isa = XCRemoteSwiftPackageReference;
			repositoryURL = "https://github.com/ReactiveX/RxSwift.git";
			requirement = {
				kind = upToNextMajorVersion;
				minimumVersion = 6.8.0;
			};
		};
		C48150042D2CFF6A00D602B8 /* XCRemoteSwiftPackageReference "RxDataSources" */ = {
			isa = XCRemoteSwiftPackageReference;
			repositoryURL = "https://github.com/RxSwiftCommunity/RxDataSources.git";
			requirement = {
				kind = upToNextMajorVersion;
				minimumVersion = 5.0.2;
			};
		};
/* End XCRemoteSwiftPackageReference section */

/* Begin XCSwiftPackageProductDependency section */
		C46ED2C22D30DD7100EC0E47 /* Differentiator */ = {
			isa = XCSwiftPackageProductDependency;
			package = C48150042D2CFF6A00D602B8 /* XCRemoteSwiftPackageReference "RxDataSources" */;
			productName = Differentiator;
		};
		C46ED2CA2D30DE8900EC0E47 /* Home */ = {
			isa = XCSwiftPackageProductDependency;
			productName = Home;
		};
		C46ED2E52D30ED3700EC0E47 /* Extension */ = {
			isa = XCSwiftPackageProductDependency;
			productName = Extension;
		};
		C4814FF42D2CFA2F00D602B8 /* Alamofire */ = {
			isa = XCSwiftPackageProductDependency;
			package = C4814FF32D2CFA2F00D602B8 /* XCRemoteSwiftPackageReference "Alamofire" */;
			productName = Alamofire;
		};
		C4814FF72D2CFC7600D602B8 /* RealmSwift */ = {
			isa = XCSwiftPackageProductDependency;
			package = C4814FF62D2CFC7600D602B8 /* XCRemoteSwiftPackageReference "realm-swift" */;
			productName = RealmSwift;
		};
		C4814FFA2D2CFD3000D602B8 /* Kingfisher */ = {
			isa = XCSwiftPackageProductDependency;
			package = C4814FF92D2CFD3000D602B8 /* XCRemoteSwiftPackageReference "Kingfisher" */;
			productName = Kingfisher;
		};
		C4814FFD2D2CFD4000D602B8 /* SnapKit */ = {
			isa = XCSwiftPackageProductDependency;
			package = C4814FFC2D2CFD4000D602B8 /* XCRemoteSwiftPackageReference "SnapKit" */;
			productName = SnapKit;
		};
		C48150002D2CFF4400D602B8 /* RxCocoa */ = {
			isa = XCSwiftPackageProductDependency;
			package = C4814FFF2D2CFF4400D602B8 /* XCRemoteSwiftPackageReference "RxSwift" */;
			productName = RxCocoa;
		};
		C48150022D2CFF4400D602B8 /* RxSwift */ = {
			isa = XCSwiftPackageProductDependency;
			package = C4814FFF2D2CFF4400D602B8 /* XCRemoteSwiftPackageReference "RxSwift" */;
			productName = RxSwift;
		};
		C48150052D2CFF6A00D602B8 /* RxDataSources */ = {
			isa = XCSwiftPackageProductDependency;
			package = C48150042D2CFF6A00D602B8 /* XCRemoteSwiftPackageReference "RxDataSources" */;
			productName = RxDataSources;
		};
/* End XCSwiftPackageProductDependency section */
	};
	rootObject = C4D444042D2C0B4500CBC50E /* Project object */;
}
